Microsoft Visual Studio Solution File, Format Version 12.00
# Visual Studio Version 17
VisualStudioVersion = 17.5.2.0
MinimumVisualStudioVersion = 10.0.40219.1
Project("{FAE04EC0-301F-11D3-BF4B-00C04F79EFBC}") = "proje_bitirme", "proje_bitirme\proje_bitirme.csproj", "{F8212CB7-C281-0DDA-44EC-E1944035A894}"
EndProject
Global
	GlobalSection(SolutionConfigurationPlatforms) = preSolution
		Debug|Any CPU = Debug|Any CPU
		Release|Any CPU = Release|Any CPU
	EndGlobalSection
	GlobalSection(ProjectConfigurationPlatforms) = postSolution
		{F8212CB7-C281-0DDA-44EC-E1944035A894}.Debug|Any CPU.ActiveCfg = Debug|Any CPU
		{F8212CB7-C281-0DDA-44EC-E1944035A894}.Debug|Any CPU.Build.0 = Debug|Any CPU
		{F8212CB7-C281-0DDA-44EC-E1944035A894}.Release|Any CPU.ActiveCfg = Release|Any CPU
		{F8212CB7-C281-0DDA-44EC-E1944035A894}.Release|Any CPU.Build.0 = Release|Any CPU
	EndGlobalSection
	GlobalSection(SolutionProperties) = preSolution
		HideSolutionNode = FALSE
	EndGlobalSection
	GlobalSection(ExtensibilityGlobals) = postSolution
		SolutionGuid = {9BC80B87-5106-4242-A124-950DFE701740}
	EndGlobalSection
EndGlobal
